// !$*UTF8*$!
{
	archiveVersion = 1;
	classes = {
	};
	objectVersion = 46;
	objects = {

/* Begin PBXBuildFile section */
		B798DA6D1D1E67520060735D /* main.m in Sources */ = {isa = PBXBuildFile; fileRef = B798DA6C1D1E67520060735D /* main.m */; };
		B798DA701D1E67520060735D /* AppDelegate.m in Sources */ = {isa = PBXBuildFile; fileRef = B798DA6F1D1E67520060735D /* AppDelegate.m */; };
		B798DA731D1E67520060735D /* ViewController.m in Sources */ = {isa = PBXBuildFile; fileRef = B798DA721D1E67520060735D /* ViewController.m */; };
		B798DA761D1E67520060735D /* Main.storyboard in Resources */ = {isa = PBXBuildFile; fileRef = B798DA741D1E67520060735D /* Main.storyboard */; };
		B798DA781D1E67520060735D /* Assets.xcassets in Resources */ = {isa = PBXBuildFile; fileRef = B798DA771D1E67520060735D /* Assets.xcassets */; };
		B798DA7B1D1E67520060735D /* LaunchScreen.storyboard in Resources */ = {isa = PBXBuildFile; fileRef = B798DA791D1E67520060735D /* LaunchScreen.storyboard */; };
		B798DA871D1E683A0060735D /* CustomTopRefleshView.m in Sources */ = {isa = PBXBuildFile; fileRef = B798DA861D1E683A0060735D /* CustomTopRefleshView.m */; };
		B798DA921D1EAE310060735D /* FMTopRefleshControl.m in Sources */ = {isa = PBXBuildFile; fileRef = B798DA911D1EAE310060735D /* FMTopRefleshControl.m */; };
		B798DAC11D1EB0060060735D /* 1.png in Resources */ = {isa = PBXBuildFile; fileRef = B798DA941D1EB0060060735D /* 1.png */; };
		B798DAC21D1EB0060060735D /* 10.png in Resources */ = {isa = PBXBuildFile; fileRef = B798DA951D1EB0060060735D /* 10.png */; };
		B798DAC31D1EB0060060735D /* 11.png in Resources */ = {isa = PBXBuildFile; fileRef = B798DA961D1EB0060060735D /* 11.png */; };
		B798DAC41D1EB0060060735D /* 12.png in Resources */ = {isa = PBXBuildFile; fileRef = B798DA971D1EB0060060735D /* 12.png */; };
		B798DAC51D1EB0060060735D /* 13.png in Resources */ = {isa = PBXBuildFile; fileRef = B798DA981D1EB0060060735D /* 13.png */; };
		B798DAC61D1EB0060060735D /* 14.png in Resources */ = {isa = PBXBuildFile; fileRef = B798DA991D1EB0060060735D /* 14.png */; };
		B798DAC71D1EB0060060735D /* 15.png in Resources */ = {isa = PBXBuildFile; fileRef = B798DA9A1D1EB0060060735D /* 15.png */; };
		B798DAC81D1EB0060060735D /* 16.png in Resources */ = {isa = PBXBuildFile; fileRef = B798DA9B1D1EB0060060735D /* 16.png */; };
		B798DAC91D1EB0060060735D /* 17.png in Resources */ = {isa = PBXBuildFile; fileRef = B798DA9C1D1EB0060060735D /* 17.png */; };
		B798DACA1D1EB0060060735D /* 18.png in Resources */ = {isa = PBXBuildFile; fileRef = B798DA9D1D1EB0060060735D /* 18.png */; };
		B798DACB1D1EB0060060735D /* 19.png in Resources */ = {isa = PBXBuildFile; fileRef = B798DA9E1D1EB0060060735D /* 19.png */; };
		B798DACC1D1EB0060060735D /* 2.png in Resources */ = {isa = PBXBuildFile; fileRef = B798DA9F1D1EB0060060735D /* 2.png */; };
		B798DACD1D1EB0060060735D /* 20.png in Resources */ = {isa = PBXBuildFile; fileRef = B798DAA01D1EB0060060735D /* 20.png */; };
		B798DACE1D1EB0060060735D /* 21.png in Resources */ = {isa = PBXBuildFile; fileRef = B798DAA11D1EB0060060735D /* 21.png */; };
		B798DACF1D1EB0060060735D /* 22.png in Resources */ = {isa = PBXBuildFile; fileRef = B798DAA21D1EB0060060735D /* 22.png */; };
		B798DAD01D1EB0060060735D /* 23.png in Resources */ = {isa = PBXBuildFile; fileRef = B798DAA31D1EB0060060735D /* 23.png */; };
		B798DAD11D1EB0060060735D /* 24.png in Resources */ = {isa = PBXBuildFile; fileRef = B798DAA41D1EB0060060735D /* 24.png */; };
		B798DAD21D1EB0060060735D /* 25.png in Resources */ = {isa = PBXBuildFile; fileRef = B798DAA51D1EB0060060735D /* 25.png */; };
		B798DAD31D1EB0060060735D /* 26.png in Resources */ = {isa = PBXBuildFile; fileRef = B798DAA61D1EB0060060735D /* 26.png */; };
		B798DAD41D1EB0060060735D /* 27.png in Resources */ = {isa = PBXBuildFile; fileRef = B798DAA71D1EB0060060735D /* 27.png */; };
		B798DAD51D1EB0060060735D /* 28.png in Resources */ = {isa = PBXBuildFile; fileRef = B798DAA81D1EB0060060735D /* 28.png */; };
		B798DAD61D1EB0060060735D /* 29.png in Resources */ = {isa = PBXBuildFile; fileRef = B798DAA91D1EB0060060735D /* 29.png */; };
		B798DAD71D1EB0060060735D /* 3.png in Resources */ = {isa = PBXBuildFile; fileRef = B798DAAA1D1EB0060060735D /* 3.png */; };
		B798DAD81D1EB0060060735D /* 30.png in Resources */ = {isa = PBXBuildFile; fileRef = B798DAAB1D1EB0060060735D /* 30.png */; };
		B798DAD91D1EB0060060735D /* 31.png in Resources */ = {isa = PBXBuildFile; fileRef = B798DAAC1D1EB0060060735D /* 31.png */; };
		B798DADA1D1EB0060060735D /* 32.png in Resources */ = {isa = PBXBuildFile; fileRef = B798DAAD1D1EB0060060735D /* 32.png */; };
		B798DADB1D1EB0060060735D /* 33.png in Resources */ = {isa = PBXBuildFile; fileRef = B798DAAE1D1EB0060060735D /* 33.png */; };
		B798DADC1D1EB0060060735D /* 34.png in Resources */ = {isa = PBXBuildFile; fileRef = B798DAAF1D1EB0060060735D /* 34.png */; };
		B798DADD1D1EB0060060735D /* 35.png in Resources */ = {isa = PBXBuildFile; fileRef = B798DAB01D1EB0060060735D /* 35.png */; };
		B798DADE1D1EB0060060735D /* 36.png in Resources */ = {isa = PBXBuildFile; fileRef = B798DAB11D1EB0060060735D /* 36.png */; };
		B798DADF1D1EB0060060735D /* 37.png in Resources */ = {isa = PBXBuildFile; fileRef = B798DAB21D1EB0060060735D /* 37.png */; };
		B798DAE01D1EB0060060735D /* 38.png in Resources */ = {isa = PBXBuildFile; fileRef = B798DAB31D1EB0060060735D /* 38.png */; };
		B798DAE11D1EB0060060735D /* 39.png in Resources */ = {isa = PBXBuildFile; fileRef = B798DAB41D1EB0060060735D /* 39.png */; };
		B798DAE21D1EB0060060735D /* 4.png in Resources */ = {isa = PBXBuildFile; fileRef = B798DAB51D1EB0060060735D /* 4.png */; };
		B798DAE31D1EB0060060735D /* 40.png in Resources */ = {isa = PBXBuildFile; fileRef = B798DAB61D1EB0060060735D /* 40.png */; };
		B798DAE41D1EB0060060735D /* 41.png in Resources */ = {isa = PBXBuildFile; fileRef = B798DAB71D1EB0060060735D /* 41.png */; };
		B798DAE51D1EB0060060735D /* 42.png in Resources */ = {isa = PBXBuildFile; fileRef = B798DAB81D1EB0060060735D /* 42.png */; };
		B798DAE61D1EB0060060735D /* 43.png in Resources */ = {isa = PBXBuildFile; fileRef = B798DAB91D1EB0060060735D /* 43.png */; };
		B798DAE71D1EB0060060735D /* 44.png in Resources */ = {isa = PBXBuildFile; fileRef = B798DABA1D1EB0060060735D /* 44.png */; };
		B798DAE81D1EB0060060735D /* 45.png in Resources */ = {isa = PBXBuildFile; fileRef = B798DABB1D1EB0060060735D /* 45.png */; };
		B798DAE91D1EB0060060735D /* 5.png in Resources */ = {isa = PBXBuildFile; fileRef = B798DABC1D1EB0060060735D /* 5.png */; };
		B798DAEA1D1EB0060060735D /* 6.png in Resources */ = {isa = PBXBuildFile; fileRef = B798DABD1D1EB0060060735D /* 6.png */; };
		B798DAEB1D1EB0060060735D /* 7.png in Resources */ = {isa = PBXBuildFile; fileRef = B798DABE1D1EB0060060735D /* 7.png */; };
		B798DAEC1D1EB0060060735D /* 8.png in Resources */ = {isa = PBXBuildFile; fileRef = B798DABF1D1EB0060060735D /* 8.png */; };
		B798DAED1D1EB0060060735D /* 9.png in Resources */ = {isa = PBXBuildFile; fileRef = B798DAC01D1EB0060060735D /* 9.png */; };
/* End PBXBuildFile section */

/* Begin PBXFileReference section */
		B798DA681D1E67520060735D /* FMTopReflesh.app */ = {isa = PBXFileReference; explicitFileType = wrapper.application; includeInIndex = 0; path = FMTopReflesh.app; sourceTree = BUILT_PRODUCTS_DIR; };
		B798DA6C1D1E67520060735D /* main.m */ = {isa = PBXFileReference; lastKnownFileType = sourcecode.c.objc; path = main.m; sourceTree = "<group>"; };
		B798DA6E1D1E67520060735D /* AppDelegate.h */ = {isa = PBXFileReference; lastKnownFileType = sourcecode.c.h; path = AppDelegate.h; sourceTree = "<group>"; };
		B798DA6F1D1E67520060735D /* AppDelegate.m */ = {isa = PBXFileReference; lastKnownFileType = sourcecode.c.objc; path = AppDelegate.m; sourceTree = "<group>"; };
		B798DA711D1E67520060735D /* ViewController.h */ = {isa = PBXFileReference; lastKnownFileType = sourcecode.c.h; path = ViewController.h; sourceTree = "<group>"; };
		B798DA721D1E67520060735D /* ViewController.m */ = {isa = PBXFileReference; lastKnownFileType = sourcecode.c.objc; path = ViewController.m; sourceTree = "<group>"; };
		B798DA751D1E67520060735D /* Base */ = {isa = PBXFileReference; lastKnownFileType = file.storyboard; name = Base; path = Base.lproj/Main.storyboard; sourceTree = "<group>"; };
		B798DA771D1E67520060735D /* Assets.xcassets */ = {isa = PBXFileReference; lastKnownFileType = folder.assetcatalog; path = Assets.xcassets; sourceTree = "<group>"; };
		B798DA7A1D1E67520060735D /* Base */ = {isa = PBXFileReference; lastKnownFileType = file.storyboard; name = Base; path = Base.lproj/LaunchScreen.storyboard; sourceTree = "<group>"; };
		B798DA7C1D1E67520060735D /* Info.plist */ = {isa = PBXFileReference; lastKnownFileType = text.plist.xml; path = Info.plist; sourceTree = "<group>"; };
		B798DA851D1E683A0060735D /* CustomTopRefleshView.h */ = {isa = PBXFileReference; fileEncoding = 4; lastKnownFileType = sourcecode.c.h; path = CustomTopRefleshView.h; sourceTree = "<group>"; };
		B798DA861D1E683A0060735D /* CustomTopRefleshView.m */ = {isa = PBXFileReference; fileEncoding = 4; lastKnownFileType = sourcecode.c.objc; path = CustomTopRefleshView.m; sourceTree = "<group>"; };
		B798DA901D1EAE310060735D /* FMTopRefleshControl.h */ = {isa = PBXFileReference; fileEncoding = 4; lastKnownFileType = sourcecode.c.h; path = FMTopRefleshControl.h; sourceTree = "<group>"; };
		B798DA911D1EAE310060735D /* FMTopRefleshControl.m */ = {isa = PBXFileReference; fileEncoding = 4; lastKnownFileType = sourcecode.c.objc; path = FMTopRefleshControl.m; sourceTree = "<group>"; };
		B798DA941D1EB0060060735D /* 1.png */ = {isa = PBXFileReference; lastKnownFileType = image.png; path = 1.png; sourceTree = "<group>"; };
		B798DA951D1EB0060060735D /* 10.png */ = {isa = PBXFileReference; lastKnownFileType = image.png; path = 10.png; sourceTree = "<group>"; };
		B798DA961D1EB0060060735D /* 11.png */ = {isa = PBXFileReference; lastKnownFileType = image.png; path = 11.png; sourceTree = "<group>"; };
		B798DA971D1EB0060060735D /* 12.png */ = {isa = PBXFileReference; lastKnownFileType = image.png; path = 12.png; sourceTree = "<group>"; };
		B798DA981D1EB0060060735D /* 13.png */ = {isa = PBXFileReference; lastKnownFileType = image.png; path = 13.png; sourceTree = "<group>"; };
		B798DA991D1EB0060060735D /* 14.png */ = {isa = PBXFileReference; lastKnownFileType = image.png; path = 14.png; sourceTree = "<group>"; };
		B798DA9A1D1EB0060060735D /* 15.png */ = {isa = PBXFileReference; lastKnownFileType = image.png; path = 15.png; sourceTree = "<group>"; };
		B798DA9B1D1EB0060060735D /* 16.png */ = {isa = PBXFileReference; lastKnownFileType = image.png; path = 16.png; sourceTree = "<group>"; };
		B798DA9C1D1EB0060060735D /* 17.png */ = {isa = PBXFileReference; lastKnownFileType = image.png; path = 17.png; sourceTree = "<group>"; };
		B798DA9D1D1EB0060060735D /* 18.png */ = {isa = PBXFileReference; lastKnownFileType = image.png; path = 18.png; sourceTree = "<group>"; };
		B798DA9E1D1EB0060060735D /* 19.png */ = {isa = PBXFileReference; lastKnownFileType = image.png; path = 19.png; sourceTree = "<group>"; };
		B798DA9F1D1EB0060060735D /* 2.png */ = {isa = PBXFileReference; lastKnownFileType = image.png; path = 2.png; sourceTree = "<group>"; };
		B798DAA01D1EB0060060735D /* 20.png */ = {isa = PBXFileReference; lastKnownFileType = image.png; path = 20.png; sourceTree = "<group>"; };
		B798DAA11D1EB0060060735D /* 21.png */ = {isa = PBXFileReference; lastKnownFileType = image.png; path = 21.png; sourceTree = "<group>"; };
		B798DAA21D1EB0060060735D /* 22.png */ = {isa = PBXFileReference; lastKnownFileType = image.png; path = 22.png; sourceTree = "<group>"; };
		B798DAA31D1EB0060060735D /* 23.png */ = {isa = PBXFileReference; lastKnownFileType = image.png; path = 23.png; sourceTree = "<group>"; };
		B798DAA41D1EB0060060735D /* 24.png */ = {isa = PBXFileReference; lastKnownFileType = image.png; path = 24.png; sourceTree = "<group>"; };
		B798DAA51D1EB0060060735D /* 25.png */ = {isa = PBXFileReference; lastKnownFileType = image.png; path = 25.png; sourceTree = "<group>"; };
		B798DAA61D1EB0060060735D /* 26.png */ = {isa = PBXFileReference; lastKnownFileType = image.png; path = 26.png; sourceTree = "<group>"; };
		B798DAA71D1EB0060060735D /* 27.png */ = {isa = PBXFileReference; lastKnownFileType = image.png; path = 27.png; sourceTree = "<group>"; };
		B798DAA81D1EB0060060735D /* 28.png */ = {isa = PBXFileReference; lastKnownFileType = image.png; path = 28.png; sourceTree = "<group>"; };
		B798DAA91D1EB0060060735D /* 29.png */ = {isa = PBXFileReference; lastKnownFileType = image.png; path = 29.png; sourceTree = "<group>"; };
		B798DAAA1D1EB0060060735D /* 3.png */ = {isa = PBXFileReference; lastKnownFileType = image.png; path = 3.png; sourceTree = "<group>"; };
		B798DAAB1D1EB0060060735D /* 30.png */ = {isa = PBXFileReference; lastKnownFileType = image.png; path = 30.png; sourceTree = "<group>"; };
		B798DAAC1D1EB0060060735D /* 31.png */ = {isa = PBXFileReference; lastKnownFileType = image.png; path = 31.png; sourceTree = "<group>"; };
		B798DAAD1D1EB0060060735D /* 32.png */ = {isa = PBXFileReference; lastKnownFileType = image.png; path = 32.png; sourceTree = "<group>"; };
		B798DAAE1D1EB0060060735D /* 33.png */ = {isa = PBXFileReference; lastKnownFileType = image.png; path = 33.png; sourceTree = "<group>"; };
		B798DAAF1D1EB0060060735D /* 34.png */ = {isa = PBXFileReference; lastKnownFileType = image.png; path = 34.png; sourceTree = "<group>"; };
		B798DAB01D1EB0060060735D /* 35.png */ = {isa = PBXFileReference; lastKnownFileType = image.png; path = 35.png; sourceTree = "<group>"; };
		B798DAB11D1EB0060060735D /* 36.png */ = {isa = PBXFileReference; lastKnownFileType = image.png; path = 36.png; sourceTree = "<group>"; };
		B798DAB21D1EB0060060735D /* 37.png */ = {isa = PBXFileReference; lastKnownFileType = image.png; path = 37.png; sourceTree = "<group>"; };
		B798DAB31D1EB0060060735D /* 38.png */ = {isa = PBXFileReference; lastKnownFileType = image.png; path = 38.png; sourceTree = "<group>"; };
		B798DAB41D1EB0060060735D /* 39.png */ = {isa = PBXFileReference; lastKnownFileType = image.png; path = 39.png; sourceTree = "<group>"; };
		B798DAB51D1EB0060060735D /* 4.png */ = {isa = PBXFileReference; lastKnownFileType = image.png; path = 4.png; sourceTree = "<group>"; };
		B798DAB61D1EB0060060735D /* 40.png */ = {isa = PBXFileReference; lastKnownFileType = image.png; path = 40.png; sourceTree = "<group>"; };
		B798DAB71D1EB0060060735D /* 41.png */ = {isa = PBXFileReference; lastKnownFileType = image.png; path = 41.png; sourceTree = "<group>"; };
		B798DAB81D1EB0060060735D /* 42.png */ = {isa = PBXFileReference; lastKnownFileType = image.png; path = 42.png; sourceTree = "<group>"; };
		B798DAB91D1EB0060060735D /* 43.png */ = {isa = PBXFileReference; lastKnownFileType = image.png; path = 43.png; sourceTree = "<group>"; };
		B798DABA1D1EB0060060735D /* 44.png */ = {isa = PBXFileReference; lastKnownFileType = image.png; path = 44.png; sourceTree = "<group>"; };
		B798DABB1D1EB0060060735D /* 45.png */ = {isa = PBXFileReference; lastKnownFileType = image.png; path = 45.png; sourceTree = "<group>"; };
		B798DABC1D1EB0060060735D /* 5.png */ = {isa = PBXFileReference; lastKnownFileType = image.png; path = 5.png; sourceTree = "<group>"; };
		B798DABD1D1EB0060060735D /* 6.png */ = {isa = PBXFileReference; lastKnownFileType = image.png; path = 6.png; sourceTree = "<group>"; };
		B798DABE1D1EB0060060735D /* 7.png */ = {isa = PBXFileReference; lastKnownFileType = image.png; path = 7.png; sourceTree = "<group>"; };
		B798DABF1D1EB0060060735D /* 8.png */ = {isa = PBXFileReference; lastKnownFileType = image.png; path = 8.png; sourceTree = "<group>"; };
		B798DAC01D1EB0060060735D /* 9.png */ = {isa = PBXFileReference; lastKnownFileType = image.png; path = 9.png; sourceTree = "<group>"; };
/* End PBXFileReference section */

/* Begin PBXFrameworksBuildPhase section */
		B798DA651D1E67520060735D /* Frameworks */ = {
			isa = PBXFrameworksBuildPhase;
			buildActionMask = 2147483647;
			files = (
			);
			runOnlyForDeploymentPostprocessing = 0;
		};
/* End PBXFrameworksBuildPhase section */

/* Begin PBXGroup section */
		B798DA5F1D1E67520060735D = {
			isa = PBXGroup;
			children = (
				B798DA6A1D1E67520060735D /* FMTopReflesh */,
				B798DA691D1E67520060735D /* Products */,
			);
			sourceTree = "<group>";
		};
		B798DA691D1E67520060735D /* Products */ = {
			isa = PBXGroup;
			children = (
				B798DA681D1E67520060735D /* FMTopReflesh.app */,
			);
			name = Products;
			sourceTree = "<group>";
		};
		B798DA6A1D1E67520060735D /* FMTopReflesh */ = {
			isa = PBXGroup;
			children = (
				B798DA931D1EB0060060735D /* loading-48 */,
				B798DA8F1D1EAE310060735D /* FMTopRefleshControl */,
				B798DA6E1D1E67520060735D /* AppDelegate.h */,
				B798DA6F1D1E67520060735D /* AppDelegate.m */,
				B798DA771D1E67520060735D /* Assets.xcassets */,
				B798DA7C1D1E67520060735D /* Info.plist */,
				B798DA791D1E67520060735D /* LaunchScreen.storyboard */,
				B798DA741D1E67520060735D /* Main.storyboard */,
				B798DA6B1D1E67520060735D /* Supporting Files */,
				B798DA711D1E67520060735D /* ViewController.h */,
				B798DA721D1E67520060735D /* ViewController.m */,
				B798DA851D1E683A0060735D /* CustomTopRefleshView.h */,
				B798DA861D1E683A0060735D /* CustomTopRefleshView.m */,
			);
			path = FMTopReflesh;
			sourceTree = "<group>";
		};
		B798DA6B1D1E67520060735D /* Supporting Files */ = {
			isa = PBXGroup;
			children = (
				B798DA6C1D1E67520060735D /* main.m */,
			);
			name = "Supporting Files";
			sourceTree = "<group>";
		};
		B798DA8F1D1EAE310060735D /* FMTopRefleshControl */ = {
			isa = PBXGroup;
			children = (
				B798DA901D1EAE310060735D /* FMTopRefleshControl.h */,
				B798DA911D1EAE310060735D /* FMTopRefleshControl.m */,
			);
			path = FMTopRefleshControl;
			sourceTree = "<group>";
		};
		B798DA931D1EB0060060735D /* loading-48 */ = {
			isa = PBXGroup;
			children = (
				B798DA941D1EB0060060735D /* 1.png */,
				B798DA951D1EB0060060735D /* 10.png */,
				B798DA961D1EB0060060735D /* 11.png */,
				B798DA971D1EB0060060735D /* 12.png */,
				B798DA981D1EB0060060735D /* 13.png */,
				B798DA991D1EB0060060735D /* 14.png */,
				B798DA9A1D1EB0060060735D /* 15.png */,
				B798DA9B1D1EB0060060735D /* 16.png */,
				B798DA9C1D1EB0060060735D /* 17.png */,
				B798DA9D1D1EB0060060735D /* 18.png */,
				B798DA9E1D1EB0060060735D /* 19.png */,
				B798DA9F1D1EB0060060735D /* 2.png */,
				B798DAA01D1EB0060060735D /* 20.png */,
				B798DAA11D1EB0060060735D /* 21.png */,
				B798DAA21D1EB0060060735D /* 22.png */,
				B798DAA31D1EB0060060735D /* 23.png */,
				B798DAA41D1EB0060060735D /* 24.png */,
				B798DAA51D1EB0060060735D /* 25.png */,
				B798DAA61D1EB0060060735D /* 26.png */,
				B798DAA71D1EB0060060735D /* 27.png */,
				B798DAA81D1EB0060060735D /* 28.png */,
				B798DAA91D1EB0060060735D /* 29.png */,
				B798DAAA1D1EB0060060735D /* 3.png */,
				B798DAAB1D1EB0060060735D /* 30.png */,
				B798DAAC1D1EB0060060735D /* 31.png */,
				B798DAAD1D1EB0060060735D /* 32.png */,
				B798DAAE1D1EB0060060735D /* 33.png */,
				B798DAAF1D1EB0060060735D /* 34.png */,
				B798DAB01D1EB0060060735D /* 35.png */,
				B798DAB11D1EB0060060735D /* 36.png */,
				B798DAB21D1EB0060060735D /* 37.png */,
				B798DAB31D1EB0060060735D /* 38.png */,
				B798DAB41D1EB0060060735D /* 39.png */,
				B798DAB51D1EB0060060735D /* 4.png */,
				B798DAB61D1EB0060060735D /* 40.png */,
				B798DAB71D1EB0060060735D /* 41.png */,
				B798DAB81D1EB0060060735D /* 42.png */,
				B798DAB91D1EB0060060735D /* 43.png */,
				B798DABA1D1EB0060060735D /* 44.png */,
				B798DABB1D1EB0060060735D /* 45.png */,
				B798DABC1D1EB0060060735D /* 5.png */,
				B798DABD1D1EB0060060735D /* 6.png */,
				B798DABE1D1EB0060060735D /* 7.png */,
				B798DABF1D1EB0060060735D /* 8.png */,
				B798DAC01D1EB0060060735D /* 9.png */,
			);
			path = "loading-48";
			sourceTree = "<group>";
		};
/* End PBXGroup section */

/* Begin PBXNativeTarget section */
		B798DA671D1E67520060735D /* FMTopReflesh */ = {
			isa = PBXNativeTarget;
			buildConfigurationList = B798DA7F1D1E67520060735D /* Build configuration list for PBXNativeTarget "FMTopReflesh" */;
			buildPhases = (
				B798DA641D1E67520060735D /* Sources */,
				B798DA651D1E67520060735D /* Frameworks */,
				B798DA661D1E67520060735D /* Resources */,
			);
			buildRules = (
			);
			dependencies = (
			);
			name = FMTopReflesh;
			productName = FMTopReflesh;
			productReference = B798DA681D1E67520060735D /* FMTopReflesh.app */;
			productType = "com.apple.product-type.application";
		};
/* End PBXNativeTarget section */

/* Begin PBXProject section */
		B798DA601D1E67520060735D /* Project object */ = {
			isa = PBXProject;
			attributes = {
				LastUpgradeCheck = 0730;
				ORGANIZATIONNAME = lichuange;
				TargetAttributes = {
					B798DA671D1E67520060735D = {
						CreatedOnToolsVersion = 7.3;
					};
				};
			};
			buildConfigurationList = B798DA631D1E67520060735D /* Build configuration list for PBXProject "FMTopReflesh" */;
			compatibilityVersion = "Xcode 3.2";
			developmentRegion = English;
			hasScannedForEncodings = 0;
			knownRegions = (
				en,
				Base,
			);
			mainGroup = B798DA5F1D1E67520060735D;
			productRefGroup = B798DA691D1E67520060735D /* Products */;
			projectDirPath = "";
			projectRoot = "";
			targets = (
				B798DA671D1E67520060735D /* FMTopReflesh */,
			);
		};
/* End PBXProject section */

/* Begin PBXResourcesBuildPhase section */
		B798DA661D1E67520060735D /* Resources */ = {
			isa = PBXResourcesBuildPhase;
			buildActionMask = 2147483647;
			files = (
				B798DACA1D1EB0060060735D /* 18.png in Resources */,
				B798DADD1D1EB0060060735D /* 35.png in Resources */,
				B798DAC21D1EB0060060735D /* 10.png in Resources */,
				B798DADF1D1EB0060060735D /* 37.png in Resources */,
				B798DAC91D1EB0060060735D /* 17.png in Resources */,
				B798DAD41D1EB0060060735D /* 27.png in Resources */,
				B798DAD81D1EB0060060735D /* 30.png in Resources */,
				B798DAE71D1EB0060060735D /* 44.png in Resources */,
				B798DAC61D1EB0060060735D /* 14.png in Resources */,
				B798DAC31D1EB0060060735D /* 11.png in Resources */,
				B798DAC41D1EB0060060735D /* 12.png in Resources */,
				B798DAE01D1EB0060060735D /* 38.png in Resources */,
				B798DA7B1D1E67520060735D /* LaunchScreen.storyboard in Resources */,
				B798DACF1D1EB0060060735D /* 22.png in Resources */,
				B798DAE41D1EB0060060735D /* 41.png in Resources */,
				B798DAE31D1EB0060060735D /* 40.png in Resources */,
				B798DAE51D1EB0060060735D /* 42.png in Resources */,
				B798DAE11D1EB0060060735D /* 39.png in Resources */,
				B798DAC71D1EB0060060735D /* 15.png in Resources */,
				B798DAC11D1EB0060060735D /* 1.png in Resources */,
				B798DACB1D1EB0060060735D /* 19.png in Resources */,
				B798DAC81D1EB0060060735D /* 16.png in Resources */,
				B798DACD1D1EB0060060735D /* 20.png in Resources */,
				B798DADE1D1EB0060060735D /* 36.png in Resources */,
				B798DADC1D1EB0060060735D /* 34.png in Resources */,
				B798DAD21D1EB0060060735D /* 25.png in Resources */,
				B798DAE61D1EB0060060735D /* 43.png in Resources */,
				B798DAD61D1EB0060060735D /* 29.png in Resources */,
				B798DAE81D1EB0060060735D /* 45.png in Resources */,
				B798DAD91D1EB0060060735D /* 31.png in Resources */,
				B798DAC51D1EB0060060735D /* 13.png in Resources */,
				B798DAD01D1EB0060060735D /* 23.png in Resources */,
				B798DAD11D1EB0060060735D /* 24.png in Resources */,
				B798DAED1D1EB0060060735D /* 9.png in Resources */,
				B798DAE91D1EB0060060735D /* 5.png in Resources */,
				B798DAD31D1EB0060060735D /* 26.png in Resources */,
				B798DAEC1D1EB0060060735D /* 8.png in Resources */,
				B798DAD51D1EB0060060735D /* 28.png in Resources */,
				B798DAE21D1EB0060060735D /* 4.png in Resources */,
				B798DAD71D1EB0060060735D /* 3.png in Resources */,
				B798DADA1D1EB0060060735D /* 32.png in Resources */,
				B798DAEB1D1EB0060060735D /* 7.png in Resources */,
				B798DAEA1D1EB0060060735D /* 6.png in Resources */,
				B798DADB1D1EB0060060735D /* 33.png in Resources */,
				B798DACE1D1EB0060060735D /* 21.png in Resources */,
				B798DACC1D1EB0060060735D /* 2.png in Resources */,
				B798DA781D1E67520060735D /* Assets.xcassets in Resources */,
				B798DA761D1E67520060735D /* Main.storyboard in Resources */,
			);
			runOnlyForDeploymentPostprocessing = 0;
		};
/* End PBXResourcesBuildPhase section */

/* Begin PBXSourcesBuildPhase section */
		B798DA641D1E67520060735D /* Sources */ = {
			isa = PBXSourcesBuildPhase;
			buildActionMask = 2147483647;
			files = (
				B798DA731D1E67520060735D /* ViewController.m in Sources */,
				B798DA701D1E67520060735D /* AppDelegate.m in Sources */,
				B798DA6D1D1E67520060735D /* main.m in Sources */,
				B798DA871D1E683A0060735D /* CustomTopRefleshView.m in Sources */,
				B798DA921D1EAE310060735D /* FMTopRefleshControl.m in Sources */,
			);
			runOnlyForDeploymentPostprocessing = 0;
		};
/* End PBXSourcesBuildPhase section */

/* Begin PBXVariantGroup section */
		B798DA741D1E67520060735D /* Main.storyboard */ = {
			isa = PBXVariantGroup;
			children = (
				B798DA751D1E67520060735D /* Base */,
			);
			name = Main.storyboard;
			sourceTree = "<group>";
		};
		B798DA791D1E67520060735D /* LaunchScreen.storyboard */ = {
			isa = PBXVariantGroup;
			children = (
				B798DA7A1D1E67520060735D /* Base */,
			);
			name = LaunchScreen.storyboard;
			sourceTree = "<group>";
		};
/* End PBXVariantGroup section */

/* Begin XCBuildConfiguration section */
		B798DA7D1D1E67520060735D /* Debug */ = {
			isa = XCBuildConfiguration;
			buildSettings = {
				ALWAYS_SEARCH_USER_PATHS = NO;
				CLANG_ANALYZER_NONNULL = YES;
				CLANG_CXX_LANGUAGE_STANDARD = "gnu++0x";
				CLANG_CXX_LIBRARY = "libc++";
				CLANG_ENABLE_MODULES = YES;
				CLANG_ENABLE_OBJC_ARC = YES;
				CLANG_WARN_BOOL_CONVERSION = YES;
				CLANG_WARN_CONSTANT_CONVERSION = YES;
				CLANG_WARN_DIRECT_OBJC_ISA_USAGE = YES_ERROR;
				CLANG_WARN_EMPTY_BODY = YES;
				CLANG_WARN_ENUM_CONVERSION = YES;
				CLANG_WARN_INT_CONVERSION = YES;
				CLANG_WARN_OBJC_ROOT_CLASS = YES_ERROR;
				CLANG_WARN_UNREACHABLE_CODE = YES;
				CLANG_WARN__DUPLICATE_METHOD_MATCH = YES;
				"CODE_SIGN_IDENTITY[sdk=iphoneos*]" = "iPhone Developer";
				COPY_PHASE_STRIP = NO;
				DEBUG_INFORMATION_FORMAT = dwarf;
				ENABLE_STRICT_OBJC_MSGSEND = YES;
				ENABLE_TESTABILITY = YES;
				GCC_C_LANGUAGE_STANDARD = gnu99;
				GCC_DYNAMIC_NO_PIC = NO;
				GCC_NO_COMMON_BLOCKS = YES;
				GCC_OPTIMIZATION_LEVEL = 0;
				GCC_PREPROCESSOR_DEFINITIONS = (
					"DEBUG=1",
					"$(inherited)",
				);
				GCC_WARN_64_TO_32_BIT_CONVERSION = YES;
				GCC_WARN_ABOUT_RETURN_TYPE = YES_ERROR;
				GCC_WARN_UNDECLARED_SELECTOR = YES;
				GCC_WARN_UNINITIALIZED_AUTOS = YES_AGGRESSIVE;
				GCC_WARN_UNUSED_FUNCTION = YES;
				GCC_WARN_UNUSED_VARIABLE = YES;
				IPHONEOS_DEPLOYMENT_TARGET = 9.3;
				MTL_ENABLE_DEBUG_INFO = YES;
				ONLY_ACTIVE_ARCH = YES;
				SDKROOT = iphoneos;
			};
			name = Debug;
		};
		B798DA7E1D1E67520060735D /* Release */ = {
			isa = XCBuildConfiguration;
			buildSettings = {
				ALWAYS_SEARCH_USER_PATHS = NO;
				CLANG_ANALYZER_NONNULL = YES;
				CLANG_CXX_LANGUAGE_STANDARD = "gnu++0x";
				CLANG_CXX_LIBRARY = "libc++";
				CLANG_ENABLE_MODULES = YES;
				CLANG_ENABLE_OBJC_ARC = YES;
				CLANG_WARN_BOOL_CONVERSION = YES;
				CLANG_WARN_CONSTANT_CONVERSION = YES;
				CLANG_WARN_DIRECT_OBJC_ISA_USAGE = YES_ERROR;
				CLANG_WARN_EMPTY_BODY = YES;
				CLANG_WARN_ENUM_CONVERSION = YES;
				CLANG_WARN_INT_CONVERSION = YES;
				CLANG_WARN_OBJC_ROOT_CLASS = YES_ERROR;
				CLANG_WARN_UNREACHABLE_CODE = YES;
				CLANG_WARN__DUPLICATE_METHOD_MATCH = YES;
				"CODE_SIGN_IDENTITY[sdk=iphoneos*]" = "iPhone Developer";
				COPY_PHASE_STRIP = NO;
				DEBUG_INFORMATION_FORMAT = "dwarf-with-dsym";
				ENABLE_NS_ASSERTIONS = NO;
				ENABLE_STRICT_OBJC_MSGSEND = YES;
				GCC_C_LANGUAGE_STANDARD = gnu99;
				GCC_NO_COMMON_BLOCKS = YES;
				GCC_WARN_64_TO_32_BIT_CONVERSION = YES;
				GCC_WARN_ABOUT_RETURN_TYPE = YES_ERROR;
				GCC_WARN_UNDECLARED_SELECTOR = YES;
				GCC_WARN_UNINITIALIZED_AUTOS = YES_AGGRESSIVE;
				GCC_WARN_UNUSED_FUNCTION = YES;
				GCC_WARN_UNUSED_VARIABLE = YES;
				IPHONEOS_DEPLOYMENT_TARGET = 9.3;
				MTL_ENABLE_DEBUG_INFO = NO;
				SDKROOT = iphoneos;
				VALIDATE_PRODUCT = YES;
			};
			name = Release;
		};
		B798DA801D1E67520060735D /* Debug */ = {
			isa = XCBuildConfiguration;
			buildSettings = {
				ASSETCATALOG_COMPILER_APPICON_NAME = AppIcon;
				INFOPLIST_FILE = FMTopReflesh/Info.plist;
				LD_RUNPATH_SEARCH_PATHS = "$(inherited) @executable_path/Frameworks";
				PRODUCT_BUNDLE_IDENTIFIER = com.lcg.FMTopReflesh;
				PRODUCT_NAME = "$(TARGET_NAME)";
			};
			name = Debug;
		};
		B798DA811D1E67520060735D /* Release */ = {
			isa = XCBuildConfiguration;
			buildSettings = {
				ASSETCATALOG_COMPILER_APPICON_NAME = AppIcon;
				INFOPLIST_FILE = FMTopReflesh/Info.plist;
				LD_RUNPATH_SEARCH_PATHS = "$(inherited) @executable_path/Frameworks";
				PRODUCT_BUNDLE_IDENTIFIER = com.lcg.FMTopReflesh;
				PRODUCT_NAME = "$(TARGET_NAME)";
			};
			name = Release;
		};
/* End XCBuildConfiguration section */

/* Begin XCConfigurationList section */
		B798DA631D1E67520060735D /* Build configuration list for PBXProject "FMTopReflesh" */ = {
			isa = XCConfigurationList;
			buildConfigurations = (
				B798DA7D1D1E67520060735D /* Debug */,
				B798DA7E1D1E67520060735D /* Release */,
			);
			defaultConfigurationIsVisible = 0;
			defaultConfigurationName = Release;
		};
		B798DA7F1D1E67520060735D /* Build configuration list for PBXNativeTarget "FMTopReflesh" */ = {
			isa = XCConfigurationList;
			buildConfigurations = (
				B798DA801D1E67520060735D /* Debug */,
				B798DA811D1E67520060735D /* Release */,
			);
			defaultConfigurationIsVisible = 0;
		};
/* End XCConfigurationList section */
	};
	rootObject = B798DA601D1E67520060735D /* Project object */;
}
